
Microsoft Visual Studio Solution File, Format Version 12.00
# Visual Studio 15
VisualStudioVersion = 15.0.27428.2027
MinimumVisualStudioVersion = 10.0.40219.1
Project("{FAE04EC0-301F-11D3-BF4B-00C04F79EFBC}") = "WpfApp3", "WpfApp3\WpfApp3.csproj", "{55D3195E-6DAD-4E0C-9D75-FD7165EA2214}"
EndProject
Global
	GlobalSection(SolutionConfigurationPlatforms) = preSolution
		Debug|Any CPU = Debug|Any CPU
		Release|Any CPU = Release|Any CPU
	EndGlobalSection
	GlobalSection(ProjectConfigurationPlatforms) = postSolution
		{55D3195E-6DAD-4E0C-9D75-FD7165EA2214}.Debug|Any CPU.ActiveCfg = Debug|Any CPU
		{55D3195E-6DAD-4E0C-9D75-FD7165EA2214}.Debug|Any CPU.Build.0 = Debug|Any CPU
		{55D3195E-6DAD-4E0C-9D75-FD7165EA2214}.Release|Any CPU.ActiveCfg = Release|Any CPU
		{55D3195E-6DAD-4E0C-9D75-FD7165EA2214}.Release|Any CPU.Build.0 = Release|Any CPU
	EndGlobalSection
	GlobalSection(SolutionProperties) = preSolution
		HideSolutionNode = FALSE
	EndGlobalSection
	GlobalSection(ExtensibilityGlobals) = postSolution
		SolutionGuid = {0FFBA46F-68CB-495F-BC94-A78D6BC4897C}
	EndGlobalSection
EndGlobal
